
Microsoft Visual Studio Solution File, Format Version 12.00
# Visual Studio Version 17
VisualStudioVersion = 17.6.33829.357
MinimumVisualStudioVersion = 10.0.40219.1
Project("{FAE04EC0-301F-11D3-BF4B-00C04F79EFBC}") = "Curs6Prob5", "Curs6Prob5.csproj", "{3902D499-9EB4-44C6-AEF4-E8622619C75D}"
EndProject
Global
	GlobalSection(SolutionConfigurationPlatforms) = preSolution
		Debug|Any CPU = Debug|Any CPU
		Release|Any CPU = Release|Any CPU
	EndGlobalSection
	GlobalSection(ProjectConfigurationPlatforms) = postSolution
		{3902D499-9EB4-44C6-AEF4-E8622619C75D}.Debug|Any CPU.ActiveCfg = Debug|Any CPU
		{3902D499-9EB4-44C6-AEF4-E8622619C75D}.Debug|Any CPU.Build.0 = Debug|Any CPU
		{3902D499-9EB4-44C6-AEF4-E8622619C75D}.Release|Any CPU.ActiveCfg = Release|Any CPU
		{3902D499-9EB4-44C6-AEF4-E8622619C75D}.Release|Any CPU.Build.0 = Release|Any CPU
	EndGlobalSection
	GlobalSection(SolutionProperties) = preSolution
		HideSolutionNode = FALSE
	EndGlobalSection
	GlobalSection(ExtensibilityGlobals) = postSolution
		SolutionGuid = {607DE5E2-D860-45A0-A55D-638A42ABB793}
	EndGlobalSection
EndGlobal
